
Microsoft Visual Studio Solution File, Format Version 12.00
Project("{FAE04EC0-301F-11D3-BF4B-00C04F79EFBC}") = "Chess", "Chess\Chess.csproj", "{28424856-BE36-4F82-BF2A-77680DB8D8BC}"
EndProject
Project("{FAE04EC0-301F-11D3-BF4B-00C04F79EFBC}") = "Example", "Example\Example.csproj", "{79E34253-3D17-4BE0-8807-E0F4009BC000}"
EndProject
Global
	GlobalSection(SolutionConfigurationPlatforms) = preSolution
		Debug|Any CPU = Debug|Any CPU
		Release|Any CPU = Release|Any CPU
	EndGlobalSection
	GlobalSection(ProjectConfigurationPlatforms) = postSolution
		{28424856-BE36-4F82-BF2A-77680DB8D8BC}.Debug|Any CPU.ActiveCfg = Debug|Any CPU
		{28424856-BE36-4F82-BF2A-77680DB8D8BC}.Debug|Any CPU.Build.0 = Debug|Any CPU
		{28424856-BE36-4F82-BF2A-77680DB8D8BC}.Release|Any CPU.ActiveCfg = Release|Any CPU
		{28424856-BE36-4F82-BF2A-77680DB8D8BC}.Release|Any CPU.Build.0 = Release|Any CPU
		{79E34253-3D17-4BE0-8807-E0F4009BC000}.Debug|Any CPU.ActiveCfg = Debug|Any CPU
		{79E34253-3D17-4BE0-8807-E0F4009BC000}.Debug|Any CPU.Build.0 = Debug|Any CPU
		{79E34253-3D17-4BE0-8807-E0F4009BC000}.Release|Any CPU.ActiveCfg = Release|Any CPU
		{79E34253-3D17-4BE0-8807-E0F4009BC000}.Release|Any CPU.Build.0 = Release|Any CPU
	EndGlobalSection
EndGlobal
